{
  "name": "numas",
  "version": "0.1.9",
  "lockfileVersion": 1,
  "requires": true,
  "dependencies": {
    "numas.wasm": {
      "version": "0.1.8",
      "resolved": "https://registry.npmjs.org/numas.wasm/-/numas.wasm-0.1.8.tgz",
      "integrity": "sha512-kUn0UkIU7tlMAR+c9oJ8t2kLAaSG32N49xlDfSWLTvd4G+fPZMFu3ZYl4zIH1XdVNxypvQyQq1xSCX6Buv39QQ=="
    }
  }
}
