{
  "name": "numas",
  "version": "0.2.0",
  "lockfileVersion": 1,
  "requires": true,
  "dependencies": {
    "numas.wasm": {
      "version": "0.2.2",
      "resolved": "https://registry.npmjs.org/numas.wasm/-/numas.wasm-0.2.2.tgz",
      "integrity": "sha512-s28IaalIDJT7ee91KShTd+OAS4HKesRjtZA0bSnhvjGzsZLS6qe9dIIyto7HJ0f9xM6evQUTZu40wGNVfqYLiQ=="
    }
  }
}
