{
  "name": "numas",
  "version": "0.1.0",
  "lockfileVersion": 1,
  "requires": true,
  "dependencies": {
    "numas.wasm": {
      "version": "0.1.1",
      "resolved": "https://registry.npmjs.org/numas.wasm/-/numas.wasm-0.1.1.tgz",
      "integrity": "sha512-lpVTWeNoe8keRaxsZ/4+qpN+dKv7RunmOGFeBI4KBHmkcVmVAN/lALJa2m8H6/ETR6sR5QilGhATHbdRyEbveg=="
    }
  }
}
